// !$*UTF8*$!
{
	archiveVersion = 1;
	classes = {
	};
	objectVersion = 77;
	objects = {

/* Begin PBXContainerItemProxy section */
		E50AEC2D2EB189EC0074375C /* PBXContainerItemProxy */ = {
			isa = PBXContainerItemProxy;
			containerPortal = E50AEC0E2EB189EA0074375C /* Project object */;
			proxyType = 1;
			remoteGlobalIDString = E50AEC152EB189EA0074375C;
			remoteInfo = EasyChat;
		};
		E50AEC372EB189EC0074375C /* PBXContainerItemProxy */ = {
			isa = PBXContainerItemProxy;
			containerPortal = E50AEC0E2EB189EA0074375C /* Project object */;
			proxyType = 1;
			remoteGlobalIDString = E50AEC152EB189EA0074375C;
			remoteInfo = EasyChat;
		};
/* End PBXContainerItemProxy section */

/* Begin PBXFileReference section */
		E50AEC162EB189EA0074375C /* EasyChat.app */ = {isa = PBXFileReference; explicitFileType = wrapper.application; includeInIndex = 0; path = EasyChat.app; sourceTree = BUILT_PRODUCTS_DIR; };
		E50AEC2C2EB189EC0074375C /* EasyChatTests.xctest */ = {isa = PBXFileReference; explicitFileType = wrapper.cfbundle; includeInIndex = 0; path = EasyChatTests.xctest; sourceTree = BUILT_PRODUCTS_DIR; };
		E50AEC362EB189EC0074375C /* EasyChatUITests.xctest */ = {isa = PBXFileReference; explicitFileType = wrapper.cfbundle; includeInIndex = 0; path = EasyChatUITests.xctest; sourceTree = BUILT_PRODUCTS_DIR; };
/* End PBXFileReference section */

/* Begin PBXFileSystemSynchronizedBuildFileExceptionSet section */
		E50AEC3E2EB189EC0074375C /* Exceptions for "EasyChat" folder in "EasyChat" target */ = {
			isa = PBXFileSystemSynchronizedBuildFileExceptionSet;
			membershipExceptions = (
				Info.plist,
			);
			target = E50AEC152EB189EA0074375C /* EasyChat */;
		};
/* End PBXFileSystemSynchronizedBuildFileExceptionSet section */

/* Begin PBXFileSystemSynchronizedRootGroup section */
		E50AEC182EB189EA0074375C /* EasyChat */ = {
			isa = PBXFileSystemSynchronizedRootGroup;
			exceptions = (
				E50AEC3E2EB189EC0074375C /* Exceptions for "EasyChat" folder in "EasyChat" target */,
			);
			path = EasyChat;
			sourceTree = "<group>";
		};
		E50AEC2F2EB189EC0074375C /* EasyChatTests */ = {
			isa = PBXFileSystemSynchronizedRootGroup;
			path = EasyChatTests;
			sourceTree = "<group>";
		};
		E50AEC392EB189EC0074375C /* EasyChatUITests */ = {
			isa = PBXFileSystemSynchronizedRootGroup;
			path = EasyChatUITests;
			sourceTree = "<group>";
		};
/* End PBXFileSystemSynchronizedRootGroup section */

/* Begin PBXFrameworksBuildPhase section */
		E50AEC132EB189EA0074375C /* Frameworks */ = {
			isa = PBXFrameworksBuildPhase;
			buildActionMask = 2147483647;
			files = (
			);
			runOnlyForDeploymentPostprocessing = 0;
		};
		E50AEC292EB189EC0074375C /* Frameworks */ = {
			isa = PBXFrameworksBuildPhase;
			buildActionMask = 2147483647;
			files = (
			);
			runOnlyForDeploymentPostprocessing = 0;
		};
		E50AEC332EB189EC0074375C /* Frameworks */ = {
			isa = PBXFrameworksBuildPhase;
			buildActionMask = 2147483647;
			files = (
			);
			runOnlyForDeploymentPostprocessing = 0;
		};
/* End PBXFrameworksBuildPhase section */

/* Begin PBXGroup section */
		E50AEC0D2EB189EA0074375C = {
			isa = PBXGroup;
			children = (
				E50AEC182EB189EA0074375C /* EasyChat */,
				E50AEC2F2EB189EC0074375C /* EasyChatTests */,
				E50AEC392EB189EC0074375C /* EasyChatUITests */,
				E50AEC172EB189EA0074375C /* Products */,
			);
			sourceTree = "<group>";
		};
		E50AEC172EB189EA0074375C /* Products */ = {
			isa = PBXGroup;
			children = (
				E50AEC162EB189EA0074375C /* EasyChat.app */,
				E50AEC2C2EB189EC0074375C /* EasyChatTests.xctest */,
				E50AEC362EB189EC0074375C /* EasyChatUITests.xctest */,
			);
			name = Products;
			sourceTree = "<group>";
		};
/* End PBXGroup section */

/* Begin PBXNativeTarget section */
		E50AEC152EB189EA0074375C /* EasyChat */ = {
			isa = PBXNativeTarget;
			buildConfigurationList = E50AEC3F2EB189EC0074375C /* Build configuration list for PBXNativeTarget "EasyChat" */;
			buildPhases = (
				E50AEC122EB189EA0074375C /* Sources */,
				E50AEC132EB189EA0074375C /* Frameworks */,
				E50AEC142EB189EA0074375C /* Resources */,
			);
			buildRules = (
			);
			dependencies = (
			);
			fileSystemSynchronizedGroups = (
				E50AEC182EB189EA0074375C /* EasyChat */,
			);
			name = EasyChat;
			packageProductDependencies = (
			);
			productName = EasyChat;
			productReference = E50AEC162EB189EA0074375C /* EasyChat.app */;
			productType = "com.apple.product-type.application";
		};
		E50AEC2B2EB189EC0074375C /* EasyChatTests */ = {
			isa = PBXNativeTarget;
			buildConfigurationList = E50AEC442EB189EC0074375C /* Build configuration list for PBXNativeTarget "EasyChatTests" */;
			buildPhases = (
				E50AEC282EB189EC0074375C /* Sources */,
				E50AEC292EB189EC0074375C /* Frameworks */,
				E50AEC2A2EB189EC0074375C /* Resources */,
			);
			buildRules = (
			);
			dependencies = (
				E50AEC2E2EB189EC0074375C /* PBXTargetDependency */,
			);
			fileSystemSynchronizedGroups = (
				E50AEC2F2EB189EC0074375C /* EasyChatTests */,
			);
			name = EasyChatTests;
			packageProductDependencies = (
			);
			productName = EasyChatTests;
			productReference = E50AEC2C2EB189EC0074375C /* EasyChatTests.xctest */;
			productType = "com.apple.product-type.bundle.unit-test";
		};
		E50AEC352EB189EC0074375C /* EasyChatUITests */ = {
			isa = PBXNativeTarget;
			buildConfigurationList = E50AEC472EB189EC0074375C /* Build configuration list for PBXNativeTarget "EasyChatUITests" */;
			buildPhases = (
				E50AEC322EB189EC0074375C /* Sources */,
				E50AEC332EB189EC0074375C /* Frameworks */,
				E50AEC342EB189EC0074375C /* Resources */,
			);
			buildRules = (
			);
			dependencies = (
				E50AEC382EB189EC0074375C /* PBXTargetDependency */,
			);
			fileSystemSynchronizedGroups = (
				E50AEC392EB189EC0074375C /* EasyChatUITests */,
			);
			name = EasyChatUITests;
			packageProductDependencies = (
			);
			productName = EasyChatUITests;
			productReference = E50AEC362EB189EC0074375C /* EasyChatUITests.xctest */;
			productType = "com.apple.product-type.bundle.ui-testing";
		};
/* End PBXNativeTarget section */

/* Begin PBXProject section */
		E50AEC0E2EB189EA0074375C /* Project object */ = {
			isa = PBXProject;
			attributes = {
				BuildIndependentTargetsInParallel = 1;
				LastSwiftUpdateCheck = 1640;
				LastUpgradeCheck = 1640;
				TargetAttributes = {
					E50AEC152EB189EA0074375C = {
						CreatedOnToolsVersion = 16.4;
					};
					E50AEC2B2EB189EC0074375C = {
						CreatedOnToolsVersion = 16.4;
						TestTargetID = E50AEC152EB189EA0074375C;
					};
					E50AEC352EB189EC0074375C = {
						CreatedOnToolsVersion = 16.4;
						TestTargetID = E50AEC152EB189EA0074375C;
					};
				};
			};
			buildConfigurationList = E50AEC112EB189EA0074375C /* Build configuration list for PBXProject "EasyChat" */;
			developmentRegion = en;
			hasScannedForEncodings = 0;
			knownRegions = (
				en,
				Base,
			);
			mainGroup = E50AEC0D2EB189EA0074375C;
			minimizedProjectReferenceProxies = 1;
			preferredProjectObjectVersion = 77;
			productRefGroup = E50AEC172EB189EA0074375C /* Products */;
			projectDirPath = "";
			projectRoot = "";
			targets = (
				E50AEC152EB189EA0074375C /* EasyChat */,
				E50AEC2B2EB189EC0074375C /* EasyChatTests */,
				E50AEC352EB189EC0074375C /* EasyChatUITests */,
			);
		};
/* End PBXProject section */

/* Begin PBXResourcesBuildPhase section */
		E50AEC142EB189EA0074375C /* Resources */ = {
			isa = PBXResourcesBuildPhase;
			buildActionMask = 2147483647;
			files = (
			);
			runOnlyForDeploymentPostprocessing = 0;
		};
		E50AEC2A2EB189EC0074375C /* Resources */ = {
			isa = PBXResourcesBuildPhase;
			buildActionMask = 2147483647;
			files = (
			);
			runOnlyForDeploymentPostprocessing = 0;
		};
		E50AEC342EB189EC0074375C /* Resources */ = {
			isa = PBXResourcesBuildPhase;
			buildActionMask = 2147483647;
			files = (
			);
			runOnlyForDeploymentPostprocessing = 0;
		};
/* End PBXResourcesBuildPhase section */

/* Begin PBXSourcesBuildPhase section */
		E50AEC122EB189EA0074375C /* Sources */ = {
			isa = PBXSourcesBuildPhase;
			buildActionMask = 2147483647;
			files = (
			);
			runOnlyForDeploymentPostprocessing = 0;
		};
		E50AEC282EB189EC0074375C /* Sources */ = {
			isa = PBXSourcesBuildPhase;
			buildActionMask = 2147483647;
			files = (
			);
			runOnlyForDeploymentPostprocessing = 0;
		};
		E50AEC322EB189EC0074375C /* Sources */ = {
			isa = PBXSourcesBuildPhase;
			buildActionMask = 2147483647;
			files = (
			);
			runOnlyForDeploymentPostprocessing = 0;
		};
/* End PBXSourcesBuildPhase section */

/* Begin PBXTargetDependency section */
		E50AEC2E2EB189EC0074375C /* PBXTargetDependency */ = {
			isa = PBXTargetDependency;
			target = E50AEC152EB189EA0074375C /* EasyChat */;
			targetProxy = E50AEC2D2EB189EC0074375C /* PBXContainerItemProxy */;
		};
		E50AEC382EB189EC0074375C /* PBXTargetDependency */ = {
			isa = PBXTargetDependency;
			target = E50AEC152EB189EA0074375C /* EasyChat */;
			targetProxy = E50AEC372EB189EC0074375C /* PBXContainerItemProxy */;
		};
/* End PBXTargetDependency section */

/* Begin XCBuildConfiguration section */
		E50AEC402EB189EC0074375C /* Debug */ = {
			isa = XCBuildConfiguration;
			buildSettings = {
				ASSETCATALOG_COMPILER_APPICON_NAME = AppIcon;
				ASSETCATALOG_COMPILER_GLOBAL_ACCENT_COLOR_NAME = AccentColor;
				CODE_SIGN_STYLE = Automatic;
				CURRENT_PROJECT_VERSION = 1;
				DEVELOPMENT_TEAM = K477Z2R5J3;
				GENERATE_INFOPLIST_FILE = YES;
				INFOPLIST_FILE = EasyChat/Info.plist;
				INFOPLIST_KEY_UIApplicationSupportsIndirectInputEvents = YES;
				INFOPLIST_KEY_UILaunchStoryboardName = LaunchScreen;
				INFOPLIST_KEY_UIMainStoryboardFile = "";
				INFOPLIST_KEY_UISupportedInterfaceOrientations_iPad = "UIInterfaceOrientationPortrait UIInterfaceOrientationPortraitUpsideDown UIInterfaceOrientationLandscapeLeft UIInterfaceOrientationLandscapeRight";
				INFOPLIST_KEY_UISupportedInterfaceOrientations_iPhone = "UIInterfaceOrientationPortrait UIInterfaceOrientationLandscapeLeft UIInterfaceOrientationLandscapeRight";
				LD_RUNPATH_SEARCH_PATHS = (
					"$(inherited)",
					"@executable_path/Frameworks",
				);
				MARKETING_VERSION = 1.0;
				PRODUCT_BUNDLE_IDENTIFIER = innovarify.com.talha.EasyChat;
				PRODUCT_NAME = "$(TARGET_NAME)";
				SUPPORTED_PLATFORMS = "iphoneos iphonesimulator";
				SUPPORTS_MACCATALYST = NO;
				SUPPORTS_MAC_DESIGNED_FOR_IPHONE_IPAD = NO;
				SUPPORTS_XR_DESIGNED_FOR_IPHONE_IPAD = NO;
				SWIFT_EMIT_LOC_STRINGS = YES;
				SWIFT_VERSION = 5.0;
				TARGETED_DEVICE_FAMILY = 1;
			};
			name = Debug;
		};
		E50AEC412EB189EC0074375C /* Release */ = {
			isa = XCBuildConfiguration;
			buildSettings = {
				ASSETCATALOG_COMPILER_APPICON_NAME = AppIcon;
				ASSETCATALOG_COMPILER_GLOBAL_ACCENT_COLOR_NAME = AccentColor;
				CODE_SIGN_STYLE = Automatic;
				CURRENT_PROJECT_VERSION = 1;
				DEVELOPMENT_TEAM = K477Z2R5J3;
				GENERATE_INFOPLIST_FILE = YES;
				INFOPLIST_FILE = EasyChat/Info.plist;
				INFOPLIST_KEY_UIApplicationSupportsIndirectInputEvents = YES;
				INFOPLIST_KEY_UILaunchStoryboardName = LaunchScreen;
				INFOPLIST_KEY_UIMainStoryboardFile = "";
				INFOPLIST_KEY_UISupportedInterfaceOrientations_iPad = "UIInterfaceOrientationPortrait UIInterfaceOrientationPortraitUpsideDown UIInterfaceOrientationLandscapeLeft UIInterfaceOrientationLandscapeRight";
				INFOPLIST_KEY_UISupportedInterfaceOrientations_iPhone = "UIInterfaceOrientationPortrait UIInterfaceOrientationLandscapeLeft UIInterfaceOrientationLandscapeRight";
				LD_RUNPATH_SEARCH_PATHS = (
					"$(inherited)",
					"@executable_path/Frameworks",
				);
				MARKETING_VERSION = 1.0;
				PRODUCT_BUNDLE_IDENTIFIER = innovarify.com.talha.EasyChat;
				PRODUCT_NAME = "$(TARGET_NAME)";
				SUPPORTED_PLATFORMS = "iphoneos iphonesimulator";
				SUPPORTS_MACCATALYST = NO;
				SUPPORTS_MAC_DESIGNED_FOR_IPHONE_IPAD = NO;
				SUPPORTS_XR_DESIGNED_FOR_IPHONE_IPAD = NO;
				SWIFT_EMIT_LOC_STRINGS = YES;
				SWIFT_VERSION = 5.0;
				TARGETED_DEVICE_FAMILY = 1;
			};
			name = Release;
		};
		E50AEC422EB189EC0074375C /* Debug */ = {
			isa = XCBuildConfiguration;
			buildSettings = {
				ALWAYS_SEARCH_USER_PATHS = NO;
				ASSETCATALOG_COMPILER_GENERATE_SWIFT_ASSET_SYMBOL_EXTENSIONS = YES;
				CLANG_ANALYZER_NONNULL = YES;
				CLANG_ANALYZER_NUMBER_OBJECT_CONVERSION = YES_AGGRESSIVE;
				CLANG_CXX_LANGUAGE_STANDARD = "gnu++20";
				CLANG_ENABLE_MODULES = YES;
				CLANG_ENABLE_OBJC_ARC = YES;
				CLANG_ENABLE_OBJC_WEAK = YES;
				CLANG_WARN_BLOCK_CAPTURE_AUTORELEASING = YES;
				CLANG_WARN_BOOL_CONVERSION = YES;
				CLANG_WARN_COMMA = YES;
				CLANG_WARN_CONSTANT_CONVERSION = YES;
				CLANG_WARN_DEPRECATED_OBJC_IMPLEMENTATIONS = YES;
				CLANG_WARN_DIRECT_OBJC_ISA_USAGE = YES_ERROR;
				CLANG_WARN_DOCUMENTATION_COMMENTS = YES;
				CLANG_WARN_EMPTY_BODY = YES;
				CLANG_WARN_ENUM_CONVERSION = YES;
				CLANG_WARN_INFINITE_RECURSION = YES;
				CLANG_WARN_INT_CONVERSION = YES;
				CLANG_WARN_NON_LITERAL_NULL_CONVERSION = YES;
				CLANG_WARN_OBJC_IMPLICIT_RETAIN_SELF = YES;
				CLANG_WARN_OBJC_LITERAL_CONVERSION = YES;
				CLANG_WARN_OBJC_ROOT_CLASS = YES_ERROR;
				CLANG_WARN_QUOTED_INCLUDE_IN_FRAMEWORK_HEADER = YES;
				CLANG_WARN_RANGE_LOOP_ANALYSIS = YES;
				CLANG_WARN_STRICT_PROTOTYPES = YES;
				CLANG_WARN_SUSPICIOUS_MOVE = YES;
				CLANG_WARN_UNGUARDED_AVAILABILITY = YES_AGGRESSIVE;
				CLANG_WARN_UNREACHABLE_CODE = YES;
				CLANG_WARN__DUPLICATE_METHOD_MATCH = YES;
				COPY_PHASE_STRIP = NO;
				DEBUG_INFORMATION_FORMAT = dwarf;
				DEVELOPMENT_TEAM = K477Z2R5J3;
				ENABLE_STRICT_OBJC_MSGSEND = YES;
				ENABLE_TESTABILITY = YES;
				ENABLE_USER_SCRIPT_SANDBOXING = YES;
				GCC_C_LANGUAGE_STANDARD = gnu17;
				GCC_DYNAMIC_NO_PIC = NO;
				GCC_NO_COMMON_BLOCKS = YES;
				GCC_OPTIMIZATION_LEVEL = 0;
				GCC_PREPROCESSOR_DEFINITIONS = (
					"DEBUG=1",
					"$(inherited)",
				);
				GCC_WARN_64_TO_32_BIT_CONVERSION = YES;
				GCC_WARN_ABOUT_RETURN_TYPE = YES_ERROR;
				GCC_WARN_UNDECLARED_SELECTOR = YES;
				GCC_WARN_UNINITIALIZED_AUTOS = YES_AGGRESSIVE;
				GCC_WARN_UNUSED_FUNCTION = YES;
				GCC_WARN_UNUSED_VARIABLE = YES;
				IPHONEOS_DEPLOYMENT_TARGET = 18.5;
				LOCALIZATION_PREFERS_STRING_CATALOGS = YES;
				MTL_ENABLE_DEBUG_INFO = INCLUDE_SOURCE;
				MTL_FAST_MATH = YES;
				ONLY_ACTIVE_ARCH = YES;
				SDKROOT = iphoneos;
				SWIFT_ACTIVE_COMPILATION_CONDITIONS = "DEBUG $(inherited)";
				SWIFT_OPTIMIZATION_LEVEL = "-Onone";
			};
			name = Debug;
		};
		E50AEC432EB189EC0074375C /* Release */ = {
			isa = XCBuildConfiguration;
			buildSettings = {
				ALWAYS_SEARCH_USER_PATHS = NO;
				ASSETCATALOG_COMPILER_GENERATE_SWIFT_ASSET_SYMBOL_EXTENSIONS = YES;
				CLANG_ANALYZER_NONNULL = YES;
				CLANG_ANALYZER_NUMBER_OBJECT_CONVERSION = YES_AGGRESSIVE;
				CLANG_CXX_LANGUAGE_STANDARD = "gnu++20";
				CLANG_ENABLE_MODULES = YES;
				CLANG_ENABLE_OBJC_ARC = YES;
				CLANG_ENABLE_OBJC_WEAK = YES;
				CLANG_WARN_BLOCK_CAPTURE_AUTORELEASING = YES;
				CLANG_WARN_BOOL_CONVERSION = YES;
				CLANG_WARN_COMMA = YES;
				CLANG_WARN_CONSTANT_CONVERSION = YES;
				CLANG_WARN_DEPRECATED_OBJC_IMPLEMENTATIONS = YES;
				CLANG_WARN_DIRECT_OBJC_ISA_USAGE = YES_ERROR;
				CLANG_WARN_DOCUMENTATION_COMMENTS = YES;
				CLANG_WARN_EMPTY_BODY = YES;
				CLANG_WARN_ENUM_CONVERSION = YES;
				CLANG_WARN_INFINITE_RECURSION = YES;
				CLANG_WARN_INT_CONVERSION = YES;
				CLANG_WARN_NON_LITERAL_NULL_CONVERSION = YES;
				CLANG_WARN_OBJC_IMPLICIT_RETAIN_SELF = YES;
				CLANG_WARN_OBJC_LITERAL_CONVERSION = YES;
				CLANG_WARN_OBJC_ROOT_CLASS = YES_ERROR;
				CLANG_WARN_QUOTED_INCLUDE_IN_FRAMEWORK_HEADER = YES;
				CLANG_WARN_RANGE_LOOP_ANALYSIS = YES;
				CLANG_WARN_STRICT_PROTOTYPES = YES;
				CLANG_WARN_SUSPICIOUS_MOVE = YES;
				CLANG_WARN_UNGUARDED_AVAILABILITY = YES_AGGRESSIVE;
				CLANG_WARN_UNREACHABLE_CODE = YES;
				CLANG_WARN__DUPLICATE_METHOD_MATCH = YES;
				COPY_PHASE_STRIP = NO;
				DEBUG_INFORMATION_FORMAT = "dwarf-with-dsym";
				DEVELOPMENT_TEAM = K477Z2R5J3;
				ENABLE_NS_ASSERTIONS = NO;
				ENABLE_STRICT_OBJC_MSGSEND = YES;
				ENABLE_USER_SCRIPT_SANDBOXING = YES;
				GCC_C_LANGUAGE_STANDARD = gnu17;
				GCC_NO_COMMON_BLOCKS = YES;
				GCC_WARN_64_TO_32_BIT_CONVERSION = YES;
				GCC_WARN_ABOUT_RETURN_TYPE = YES_ERROR;
				GCC_WARN_UNDECLARED_SELECTOR = YES;
				GCC_WARN_UNINITIALIZED_AUTOS = YES_AGGRESSIVE;
				GCC_WARN_UNUSED_FUNCTION = YES;
				GCC_WARN_UNUSED_VARIABLE = YES;
				IPHONEOS_DEPLOYMENT_TARGET = 18.5;
				LOCALIZATION_PREFERS_STRING_CATALOGS = YES;
				MTL_ENABLE_DEBUG_INFO = NO;
				MTL_FAST_MATH = YES;
				SDKROOT = iphoneos;
				SWIFT_COMPILATION_MODE = wholemodule;
				VALIDATE_PRODUCT = YES;
			};
			name = Release;
		};
		E50AEC452EB189EC0074375C /* Debug */ = {
			isa = XCBuildConfiguration;
			buildSettings = {
				BUNDLE_LOADER = "$(TEST_HOST)";
				CODE_SIGN_STYLE = Automatic;
				CURRENT_PROJECT_VERSION = 1;
				DEVELOPMENT_TEAM = K477Z2R5J3;
				GENERATE_INFOPLIST_FILE = YES;
				IPHONEOS_DEPLOYMENT_TARGET = 18.5;
				MARKETING_VERSION = 1.0;
				PRODUCT_BUNDLE_IDENTIFIER = innovarify.com.talha.EasyChatTests;
				PRODUCT_NAME = "$(TARGET_NAME)";
				SWIFT_EMIT_LOC_STRINGS = NO;
				SWIFT_VERSION = 5.0;
				TARGETED_DEVICE_FAMILY = "1,2";
				TEST_HOST = "$(BUILT_PRODUCTS_DIR)/EasyChat.app/$(BUNDLE_EXECUTABLE_FOLDER_PATH)/EasyChat";
			};
			name = Debug;
		};
		E50AEC462EB189EC0074375C /* Release */ = {
			isa = XCBuildConfiguration;
			buildSettings = {
				BUNDLE_LOADER = "$(TEST_HOST)";
				CODE_SIGN_STYLE = Automatic;
				CURRENT_PROJECT_VERSION = 1;
				DEVELOPMENT_TEAM = K477Z2R5J3;
				GENERATE_INFOPLIST_FILE = YES;
				IPHONEOS_DEPLOYMENT_TARGET = 18.5;
				MARKETING_VERSION = 1.0;
				PRODUCT_BUNDLE_IDENTIFIER = innovarify.com.talha.EasyChatTests;
				PRODUCT_NAME = "$(TARGET_NAME)";
				SWIFT_EMIT_LOC_STRINGS = NO;
				SWIFT_VERSION = 5.0;
				TARGETED_DEVICE_FAMILY = "1,2";
				TEST_HOST = "$(BUILT_PRODUCTS_DIR)/EasyChat.app/$(BUNDLE_EXECUTABLE_FOLDER_PATH)/EasyChat";
			};
			name = Release;
		};
		E50AEC482EB189EC0074375C /* Debug */ = {
			isa = XCBuildConfiguration;
			buildSettings = {
				CODE_SIGN_STYLE = Automatic;
				CURRENT_PROJECT_VERSION = 1;
				DEVELOPMENT_TEAM = K477Z2R5J3;
				GENERATE_INFOPLIST_FILE = YES;
				MARKETING_VERSION = 1.0;
				PRODUCT_BUNDLE_IDENTIFIER = innovarify.com.talha.EasyChatUITests;
				PRODUCT_NAME = "$(TARGET_NAME)";
				SWIFT_EMIT_LOC_STRINGS = NO;
				SWIFT_VERSION = 5.0;
				TARGETED_DEVICE_FAMILY = "1,2";
				TEST_TARGET_NAME = EasyChat;
			};
			name = Debug;
		};
		E50AEC492EB189EC0074375C /* Release */ = {
			isa = XCBuildConfiguration;
			buildSettings = {
				CODE_SIGN_STYLE = Automatic;
				CURRENT_PROJECT_VERSION = 1;
				DEVELOPMENT_TEAM = K477Z2R5J3;
				GENERATE_INFOPLIST_FILE = YES;
				MARKETING_VERSION = 1.0;
				PRODUCT_BUNDLE_IDENTIFIER = innovarify.com.talha.EasyChatUITests;
				PRODUCT_NAME = "$(TARGET_NAME)";
				SWIFT_EMIT_LOC_STRINGS = NO;
				SWIFT_VERSION = 5.0;
				TARGETED_DEVICE_FAMILY = "1,2";
				TEST_TARGET_NAME = EasyChat;
			};
			name = Release;
		};
/* End XCBuildConfiguration section */

/* Begin XCConfigurationList section */
		E50AEC112EB189EA0074375C /* Build configuration list for PBXProject "EasyChat" */ = {
			isa = XCConfigurationList;
			buildConfigurations = (
				E50AEC422EB189EC0074375C /* Debug */,
				E50AEC432EB189EC0074375C /* Release */,
			);
			defaultConfigurationIsVisible = 0;
			defaultConfigurationName = Release;
		};
		E50AEC3F2EB189EC0074375C /* Build configuration list for PBXNativeTarget "EasyChat" */ = {
			isa = XCConfigurationList;
			buildConfigurations = (
				E50AEC402EB189EC0074375C /* Debug */,
				E50AEC412EB189EC0074375C /* Release */,
			);
			defaultConfigurationIsVisible = 0;
			defaultConfigurationName = Release;
		};
		E50AEC442EB189EC0074375C /* Build configuration list for PBXNativeTarget "EasyChatTests" */ = {
			isa = XCConfigurationList;
			buildConfigurations = (
				E50AEC452EB189EC0074375C /* Debug */,
				E50AEC462EB189EC0074375C /* Release */,
			);
			defaultConfigurationIsVisible = 0;
			defaultConfigurationName = Release;
		};
		E50AEC472EB189EC0074375C /* Build configuration list for PBXNativeTarget "EasyChatUITests" */ = {
			isa = XCConfigurationList;
			buildConfigurations = (
				E50AEC482EB189EC0074375C /* Debug */,
				E50AEC492EB189EC0074375C /* Release */,
			);
			defaultConfigurationIsVisible = 0;
			defaultConfigurationName = Release;
		};
/* End XCConfigurationList section */
	};
	rootObject = E50AEC0E2EB189EA0074375C /* Project object */;
}
